
Microsoft Visual Studio Solution File, Format Version 12.00
# Visual Studio Version 17
VisualStudioVersion = 17.7.34031.279
MinimumVisualStudioVersion = 10.0.40219.1
Project("{9A19103F-16F7-4668-BE54-9A1E7A4F7556}") = "GeometricFigureLib", "GeometricFigureLib\GeometricFigureLib.csproj", "{EC6B0928-99EC-43B3-A8FB-9CC65D86ECEC}"
EndProject
Project("{9A19103F-16F7-4668-BE54-9A1E7A4F7556}") = "GeometricFigureLib.Test", "GeometricFigureLib.Test\GeometricFigureLib.Test.csproj", "{67265B2C-24B6-4905-9317-E06618FC45E0}"
EndProject
Project("{2150E333-8FDC-42A3-9474-1A3956D46DE8}") = "Solution Items", "Solution Items", "{FEAFEC04-E085-4F3E-8BD8-CCBE03B86316}"
	ProjectSection(SolutionItems) = preProject
		QueryProductCategories.sql = QueryProductCategories.sql
	EndProjectSection
EndProject
Global
	GlobalSection(SolutionConfigurationPlatforms) = preSolution
		Debug|Any CPU = Debug|Any CPU
		Release|Any CPU = Release|Any CPU
	EndGlobalSection
	GlobalSection(ProjectConfigurationPlatforms) = postSolution
		{EC6B0928-99EC-43B3-A8FB-9CC65D86ECEC}.Debug|Any CPU.ActiveCfg = Debug|Any CPU
		{EC6B0928-99EC-43B3-A8FB-9CC65D86ECEC}.Debug|Any CPU.Build.0 = Debug|Any CPU
		{EC6B0928-99EC-43B3-A8FB-9CC65D86ECEC}.Release|Any CPU.ActiveCfg = Release|Any CPU
		{EC6B0928-99EC-43B3-A8FB-9CC65D86ECEC}.Release|Any CPU.Build.0 = Release|Any CPU
		{67265B2C-24B6-4905-9317-E06618FC45E0}.Debug|Any CPU.ActiveCfg = Debug|Any CPU
		{67265B2C-24B6-4905-9317-E06618FC45E0}.Debug|Any CPU.Build.0 = Debug|Any CPU
		{67265B2C-24B6-4905-9317-E06618FC45E0}.Release|Any CPU.ActiveCfg = Release|Any CPU
		{67265B2C-24B6-4905-9317-E06618FC45E0}.Release|Any CPU.Build.0 = Release|Any CPU
	EndGlobalSection
	GlobalSection(SolutionProperties) = preSolution
		HideSolutionNode = FALSE
	EndGlobalSection
	GlobalSection(ExtensibilityGlobals) = postSolution
		SolutionGuid = {380A5A78-4AD7-41E2-9EDB-FA5D37CCCF5F}
	EndGlobalSection
EndGlobal
